// !$*UTF8*$!
{
	archiveVersion = 1;
	classes = {
	};
	objectVersion = 46;
	objects = {

/* Begin PBXBuildFile section */
		3FD14AAC1A49337500FCAEF6 /* DowntownOttawa.gpx in Resources */ = {isa = PBXBuildFile; fileRef = 3FD14AAB1A49337500FCAEF6 /* DowntownOttawa.gpx */; };
		3FD14AB01A49343500FCAEF6 /* home.gpx in Resources */ = {isa = PBXBuildFile; fileRef = 3FD14AAF1A49343500FCAEF6 /* home.gpx */; };
		3FD21CF01A48B2F000655E65 /* StopTableViewCell.swift in Sources */ = {isa = PBXBuildFile; fileRef = 3FD21CEF1A48B2F000655E65 /* StopTableViewCell.swift */; };
		3FD21CFA1A48D1BE00655E65 /* CoreLocationController.swift in Sources */ = {isa = PBXBuildFile; fileRef = 3FD21CF91A48D1BE00655E65 /* CoreLocationController.swift */; };
		3FD21CFC1A48D3EB00655E65 /* CoreLocation.framework in Frameworks */ = {isa = PBXBuildFile; fileRef = 3FD21CFB1A48D3EB00655E65 /* CoreLocation.framework */; };
		3FDD86841A470B1E00A19AE9 /* AppDelegate.swift in Sources */ = {isa = PBXBuildFile; fileRef = 3FDD86831A470B1E00A19AE9 /* AppDelegate.swift */; };
		3FDD86871A470B1E00A19AE9 /* OCTranspoV5.xcdatamodeld in Sources */ = {isa = PBXBuildFile; fileRef = 3FDD86851A470B1E00A19AE9 /* OCTranspoV5.xcdatamodeld */; };
		3FDD86891A470B1E00A19AE9 /* ViewController.swift in Sources */ = {isa = PBXBuildFile; fileRef = 3FDD86881A470B1E00A19AE9 /* ViewController.swift */; };
		3FDD868C1A470B1E00A19AE9 /* Main.storyboard in Resources */ = {isa = PBXBuildFile; fileRef = 3FDD868A1A470B1E00A19AE9 /* Main.storyboard */; };
		3FDD868E1A470B1E00A19AE9 /* Images.xcassets in Resources */ = {isa = PBXBuildFile; fileRef = 3FDD868D1A470B1E00A19AE9 /* Images.xcassets */; };
		3FDD86911A470B1E00A19AE9 /* LaunchScreen.xib in Resources */ = {isa = PBXBuildFile; fileRef = 3FDD868F1A470B1E00A19AE9 /* LaunchScreen.xib */; };
		3FDD869D1A470B1E00A19AE9 /* OCTranspoV5Tests.swift in Sources */ = {isa = PBXBuildFile; fileRef = 3FDD869C1A470B1E00A19AE9 /* OCTranspoV5Tests.swift */; };
		3FDD86AB1A4745B400A19AE9 /* stops.txt in Resources */ = {isa = PBXBuildFile; fileRef = 3FDD86AA1A4745B400A19AE9 /* stops.txt */; };
		3FDD86B01A474CD200A19AE9 /* FileReader.swift in Sources */ = {isa = PBXBuildFile; fileRef = 3FDD86AF1A474CD200A19AE9 /* FileReader.swift */; };
		3FDD86B21A47579C00A19AE9 /* BusStopModel.swift in Sources */ = {isa = PBXBuildFile; fileRef = 3FDD86B11A47579C00A19AE9 /* BusStopModel.swift */; };
		3FDD86B41A47623C00A19AE9 /* BusStop.swift in Sources */ = {isa = PBXBuildFile; fileRef = 3FDD86B31A47623C00A19AE9 /* BusStop.swift */; };
/* End PBXBuildFile section */

/* Begin PBXContainerItemProxy section */
		3FDD86971A470B1E00A19AE9 /* PBXContainerItemProxy */ = {
			isa = PBXContainerItemProxy;
			containerPortal = 3FDD86761A470B1E00A19AE9 /* Project object */;
			proxyType = 1;
			remoteGlobalIDString = 3FDD867D1A470B1E00A19AE9;
			remoteInfo = OCTranspoV5;
		};
/* End PBXContainerItemProxy section */

/* Begin PBXFileReference section */
		3FD14AAB1A49337500FCAEF6 /* DowntownOttawa.gpx */ = {isa = PBXFileReference; fileEncoding = 4; lastKnownFileType = text.xml; name = DowntownOttawa.gpx; path = ../../../Downloads/DowntownOttawa.gpx; sourceTree = "<group>"; };
		3FD14AAF1A49343500FCAEF6 /* home.gpx */ = {isa = PBXFileReference; fileEncoding = 4; lastKnownFileType = text.xml; name = home.gpx; path = ../../../Downloads/home.gpx; sourceTree = "<group>"; };
		3FD21CEF1A48B2F000655E65 /* StopTableViewCell.swift */ = {isa = PBXFileReference; fileEncoding = 4; lastKnownFileType = sourcecode.swift; path = StopTableViewCell.swift; sourceTree = "<group>"; };
		3FD21CF91A48D1BE00655E65 /* CoreLocationController.swift */ = {isa = PBXFileReference; fileEncoding = 4; lastKnownFileType = sourcecode.swift; path = CoreLocationController.swift; sourceTree = "<group>"; };
		3FD21CFB1A48D3EB00655E65 /* CoreLocation.framework */ = {isa = PBXFileReference; lastKnownFileType = wrapper.framework; name = CoreLocation.framework; path = System/Library/Frameworks/CoreLocation.framework; sourceTree = SDKROOT; };
		3FDD867E1A470B1E00A19AE9 /* OCTranspoV5.app */ = {isa = PBXFileReference; explicitFileType = wrapper.application; includeInIndex = 0; path = OCTranspoV5.app; sourceTree = BUILT_PRODUCTS_DIR; };
		3FDD86821A470B1E00A19AE9 /* Info.plist */ = {isa = PBXFileReference; lastKnownFileType = text.plist.xml; path = Info.plist; sourceTree = "<group>"; };
		3FDD86831A470B1E00A19AE9 /* AppDelegate.swift */ = {isa = PBXFileReference; lastKnownFileType = sourcecode.swift; path = AppDelegate.swift; sourceTree = "<group>"; };
		3FDD86861A470B1E00A19AE9 /* OCTranspoV5.xcdatamodel */ = {isa = PBXFileReference; lastKnownFileType = wrapper.xcdatamodel; path = OCTranspoV5.xcdatamodel; sourceTree = "<group>"; };
		3FDD86881A470B1E00A19AE9 /* ViewController.swift */ = {isa = PBXFileReference; lastKnownFileType = sourcecode.swift; path = ViewController.swift; sourceTree = "<group>"; };
		3FDD868B1A470B1E00A19AE9 /* Base */ = {isa = PBXFileReference; lastKnownFileType = file.storyboard; name = Base; path = Base.lproj/Main.storyboard; sourceTree = "<group>"; };
		3FDD868D1A470B1E00A19AE9 /* Images.xcassets */ = {isa = PBXFileReference; lastKnownFileType = folder.assetcatalog; path = Images.xcassets; sourceTree = "<group>"; };
		3FDD86901A470B1E00A19AE9 /* Base */ = {isa = PBXFileReference; lastKnownFileType = file.xib; name = Base; path = Base.lproj/LaunchScreen.xib; sourceTree = "<group>"; };
		3FDD86961A470B1E00A19AE9 /* OCTranspoV5Tests.xctest */ = {isa = PBXFileReference; explicitFileType = wrapper.cfbundle; includeInIndex = 0; path = OCTranspoV5Tests.xctest; sourceTree = BUILT_PRODUCTS_DIR; };
		3FDD869B1A470B1E00A19AE9 /* Info.plist */ = {isa = PBXFileReference; lastKnownFileType = text.plist.xml; path = Info.plist; sourceTree = "<group>"; };
		3FDD869C1A470B1E00A19AE9 /* OCTranspoV5Tests.swift */ = {isa = PBXFileReference; lastKnownFileType = sourcecode.swift; path = OCTranspoV5Tests.swift; sourceTree = "<group>"; };
		3FDD86AA1A4745B400A19AE9 /* stops.txt */ = {isa = PBXFileReference; fileEncoding = 4; lastKnownFileType = text; path = stops.txt; sourceTree = "<group>"; };
		3FDD86AF1A474CD200A19AE9 /* FileReader.swift */ = {isa = PBXFileReference; fileEncoding = 4; lastKnownFileType = sourcecode.swift; path = FileReader.swift; sourceTree = "<group>"; };
		3FDD86B11A47579C00A19AE9 /* BusStopModel.swift */ = {isa = PBXFileReference; fileEncoding = 4; lastKnownFileType = sourcecode.swift; path = BusStopModel.swift; sourceTree = "<group>"; };
		3FDD86B31A47623C00A19AE9 /* BusStop.swift */ = {isa = PBXFileReference; fileEncoding = 4; lastKnownFileType = sourcecode.swift; path = BusStop.swift; sourceTree = "<group>"; };
/* End PBXFileReference section */

/* Begin PBXFrameworksBuildPhase section */
		3FDD867B1A470B1E00A19AE9 /* Frameworks */ = {
			isa = PBXFrameworksBuildPhase;
			buildActionMask = 2147483647;
			files = (
				3FD21CFC1A48D3EB00655E65 /* CoreLocation.framework in Frameworks */,
			);
			runOnlyForDeploymentPostprocessing = 0;
		};
		3FDD86931A470B1E00A19AE9 /* Frameworks */ = {
			isa = PBXFrameworksBuildPhase;
			buildActionMask = 2147483647;
			files = (
			);
			runOnlyForDeploymentPostprocessing = 0;
		};
/* End PBXFrameworksBuildPhase section */

/* Begin PBXGroup section */
		3FDD86751A470B1E00A19AE9 = {
			isa = PBXGroup;
			children = (
				3FD14AAF1A49343500FCAEF6 /* home.gpx */,
				3FD14AAB1A49337500FCAEF6 /* DowntownOttawa.gpx */,
				3FD21CFB1A48D3EB00655E65 /* CoreLocation.framework */,
				3FDD86801A470B1E00A19AE9 /* OCTranspoV5 */,
				3FDD86991A470B1E00A19AE9 /* OCTranspoV5Tests */,
				3FDD867F1A470B1E00A19AE9 /* Products */,
			);
			sourceTree = "<group>";
		};
		3FDD867F1A470B1E00A19AE9 /* Products */ = {
			isa = PBXGroup;
			children = (
				3FDD867E1A470B1E00A19AE9 /* OCTranspoV5.app */,
				3FDD86961A470B1E00A19AE9 /* OCTranspoV5Tests.xctest */,
			);
			name = Products;
			sourceTree = "<group>";
		};
		3FDD86801A470B1E00A19AE9 /* OCTranspoV5 */ = {
			isa = PBXGroup;
			children = (
				3FDD86AF1A474CD200A19AE9 /* FileReader.swift */,
				3FDD86B31A47623C00A19AE9 /* BusStop.swift */,
				3FDD86831A470B1E00A19AE9 /* AppDelegate.swift */,
				3FDD86881A470B1E00A19AE9 /* ViewController.swift */,
				3FD21CEF1A48B2F000655E65 /* StopTableViewCell.swift */,
				3FD21CF91A48D1BE00655E65 /* CoreLocationController.swift */,
				3FDD868A1A470B1E00A19AE9 /* Main.storyboard */,
				3FDD868D1A470B1E00A19AE9 /* Images.xcassets */,
				3FDD868F1A470B1E00A19AE9 /* LaunchScreen.xib */,
				3FDD86B11A47579C00A19AE9 /* BusStopModel.swift */,
				3FDD86851A470B1E00A19AE9 /* OCTranspoV5.xcdatamodeld */,
				3FDD86AA1A4745B400A19AE9 /* stops.txt */,
				3FDD86811A470B1E00A19AE9 /* Supporting Files */,
			);
			path = OCTranspoV5;
			sourceTree = "<group>";
		};
		3FDD86811A470B1E00A19AE9 /* Supporting Files */ = {
			isa = PBXGroup;
			children = (
				3FDD86821A470B1E00A19AE9 /* Info.plist */,
			);
			name = "Supporting Files";
			sourceTree = "<group>";
		};
		3FDD86991A470B1E00A19AE9 /* OCTranspoV5Tests */ = {
			isa = PBXGroup;
			children = (
				3FDD869C1A470B1E00A19AE9 /* OCTranspoV5Tests.swift */,
				3FDD869A1A470B1E00A19AE9 /* Supporting Files */,
			);
			path = OCTranspoV5Tests;
			sourceTree = "<group>";
		};
		3FDD869A1A470B1E00A19AE9 /* Supporting Files */ = {
			isa = PBXGroup;
			children = (
				3FDD869B1A470B1E00A19AE9 /* Info.plist */,
			);
			name = "Supporting Files";
			sourceTree = "<group>";
		};
/* End PBXGroup section */

/* Begin PBXNativeTarget section */
		3FDD867D1A470B1E00A19AE9 /* OCTranspoV5 */ = {
			isa = PBXNativeTarget;
			buildConfigurationList = 3FDD86A01A470B1E00A19AE9 /* Build configuration list for PBXNativeTarget "OCTranspoV5" */;
			buildPhases = (
				3FDD867A1A470B1E00A19AE9 /* Sources */,
				3FDD867B1A470B1E00A19AE9 /* Frameworks */,
				3FDD867C1A470B1E00A19AE9 /* Resources */,
			);
			buildRules = (
			);
			dependencies = (
			);
			name = OCTranspoV5;
			productName = OCTranspoV5;
			productReference = 3FDD867E1A470B1E00A19AE9 /* OCTranspoV5.app */;
			productType = "com.apple.product-type.application";
		};
		3FDD86951A470B1E00A19AE9 /* OCTranspoV5Tests */ = {
			isa = PBXNativeTarget;
			buildConfigurationList = 3FDD86A31A470B1E00A19AE9 /* Build configuration list for PBXNativeTarget "OCTranspoV5Tests" */;
			buildPhases = (
				3FDD86921A470B1E00A19AE9 /* Sources */,
				3FDD86931A470B1E00A19AE9 /* Frameworks */,
				3FDD86941A470B1E00A19AE9 /* Resources */,
			);
			buildRules = (
			);
			dependencies = (
				3FDD86981A470B1E00A19AE9 /* PBXTargetDependency */,
			);
			name = OCTranspoV5Tests;
			productName = OCTranspoV5Tests;
			productReference = 3FDD86961A470B1E00A19AE9 /* OCTranspoV5Tests.xctest */;
			productType = "com.apple.product-type.bundle.unit-test";
		};
/* End PBXNativeTarget section */

/* Begin PBXProject section */
		3FDD86761A470B1E00A19AE9 /* Project object */ = {
			isa = PBXProject;
			attributes = {
				LastUpgradeCheck = 0610;
				ORGANIZATIONNAME = "Willy Zhang";
				TargetAttributes = {
					3FDD867D1A470B1E00A19AE9 = {
						CreatedOnToolsVersion = 6.1.1;
					};
					3FDD86951A470B1E00A19AE9 = {
						CreatedOnToolsVersion = 6.1.1;
						TestTargetID = 3FDD867D1A470B1E00A19AE9;
					};
				};
			};
			buildConfigurationList = 3FDD86791A470B1E00A19AE9 /* Build configuration list for PBXProject "OCTranspoV5" */;
			compatibilityVersion = "Xcode 3.2";
			developmentRegion = English;
			hasScannedForEncodings = 0;
			knownRegions = (
				en,
				Base,
			);
			mainGroup = 3FDD86751A470B1E00A19AE9;
			productRefGroup = 3FDD867F1A470B1E00A19AE9 /* Products */;
			projectDirPath = "";
			projectRoot = "";
			targets = (
				3FDD867D1A470B1E00A19AE9 /* OCTranspoV5 */,
				3FDD86951A470B1E00A19AE9 /* OCTranspoV5Tests */,
			);
		};
/* End PBXProject section */

/* Begin PBXResourcesBuildPhase section */
		3FDD867C1A470B1E00A19AE9 /* Resources */ = {
			isa = PBXResourcesBuildPhase;
			buildActionMask = 2147483647;
			files = (
				3FDD86AB1A4745B400A19AE9 /* stops.txt in Resources */,
				3FDD868C1A470B1E00A19AE9 /* Main.storyboard in Resources */,
				3FD14AB01A49343500FCAEF6 /* home.gpx in Resources */,
				3FDD86911A470B1E00A19AE9 /* LaunchScreen.xib in Resources */,
				3FDD868E1A470B1E00A19AE9 /* Images.xcassets in Resources */,
				3FD14AAC1A49337500FCAEF6 /* DowntownOttawa.gpx in Resources */,
			);
			runOnlyForDeploymentPostprocessing = 0;
		};
		3FDD86941A470B1E00A19AE9 /* Resources */ = {
			isa = PBXResourcesBuildPhase;
			buildActionMask = 2147483647;
			files = (
			);
			runOnlyForDeploymentPostprocessing = 0;
		};
/* End PBXResourcesBuildPhase section */

/* Begin PBXSourcesBuildPhase section */
		3FDD867A1A470B1E00A19AE9 /* Sources */ = {
			isa = PBXSourcesBuildPhase;
			buildActionMask = 2147483647;
			files = (
				3FDD86B41A47623C00A19AE9 /* BusStop.swift in Sources */,
				3FDD86B21A47579C00A19AE9 /* BusStopModel.swift in Sources */,
				3FDD86891A470B1E00A19AE9 /* ViewController.swift in Sources */,
				3FDD86871A470B1E00A19AE9 /* OCTranspoV5.xcdatamodeld in Sources */,
				3FDD86B01A474CD200A19AE9 /* FileReader.swift in Sources */,
				3FD21CFA1A48D1BE00655E65 /* CoreLocationController.swift in Sources */,
				3FD21CF01A48B2F000655E65 /* StopTableViewCell.swift in Sources */,
				3FDD86841A470B1E00A19AE9 /* AppDelegate.swift in Sources */,
			);
			runOnlyForDeploymentPostprocessing = 0;
		};
		3FDD86921A470B1E00A19AE9 /* Sources */ = {
			isa = PBXSourcesBuildPhase;
			buildActionMask = 2147483647;
			files = (
				3FDD869D1A470B1E00A19AE9 /* OCTranspoV5Tests.swift in Sources */,
			);
			runOnlyForDeploymentPostprocessing = 0;
		};
/* End PBXSourcesBuildPhase section */

/* Begin PBXTargetDependency section */
		3FDD86981A470B1E00A19AE9 /* PBXTargetDependency */ = {
			isa = PBXTargetDependency;
			target = 3FDD867D1A470B1E00A19AE9 /* OCTranspoV5 */;
			targetProxy = 3FDD86971A470B1E00A19AE9 /* PBXContainerItemProxy */;
		};
/* End PBXTargetDependency section */

/* Begin PBXVariantGroup section */
		3FDD868A1A470B1E00A19AE9 /* Main.storyboard */ = {
			isa = PBXVariantGroup;
			children = (
				3FDD868B1A470B1E00A19AE9 /* Base */,
			);
			name = Main.storyboard;
			sourceTree = "<group>";
		};
		3FDD868F1A470B1E00A19AE9 /* LaunchScreen.xib */ = {
			isa = PBXVariantGroup;
			children = (
				3FDD86901A470B1E00A19AE9 /* Base */,
			);
			name = LaunchScreen.xib;
			sourceTree = "<group>";
		};
/* End PBXVariantGroup section */

/* Begin XCBuildConfiguration section */
		3FDD869E1A470B1E00A19AE9 /* Debug */ = {
			isa = XCBuildConfiguration;
			buildSettings = {
				ALWAYS_SEARCH_USER_PATHS = NO;
				CLANG_CXX_LANGUAGE_STANDARD = "gnu++0x";
				CLANG_CXX_LIBRARY = "libc++";
				CLANG_ENABLE_MODULES = YES;
				CLANG_ENABLE_OBJC_ARC = YES;
				CLANG_WARN_BOOL_CONVERSION = YES;
				CLANG_WARN_CONSTANT_CONVERSION = YES;
				CLANG_WARN_DIRECT_OBJC_ISA_USAGE = YES_ERROR;
				CLANG_WARN_EMPTY_BODY = YES;
				CLANG_WARN_ENUM_CONVERSION = YES;
				CLANG_WARN_INT_CONVERSION = YES;
				CLANG_WARN_OBJC_ROOT_CLASS = YES_ERROR;
				CLANG_WARN_UNREACHABLE_CODE = YES;
				CLANG_WARN__DUPLICATE_METHOD_MATCH = YES;
				"CODE_SIGN_IDENTITY[sdk=iphoneos*]" = "iPhone Developer";
				COPY_PHASE_STRIP = NO;
				ENABLE_STRICT_OBJC_MSGSEND = YES;
				GCC_C_LANGUAGE_STANDARD = gnu99;
				GCC_DYNAMIC_NO_PIC = NO;
				GCC_OPTIMIZATION_LEVEL = 0;
				GCC_PREPROCESSOR_DEFINITIONS = (
					"DEBUG=1",
					"$(inherited)",
				);
				GCC_SYMBOLS_PRIVATE_EXTERN = NO;
				GCC_WARN_64_TO_32_BIT_CONVERSION = YES;
				GCC_WARN_ABOUT_RETURN_TYPE = YES_ERROR;
				GCC_WARN_UNDECLARED_SELECTOR = YES;
				GCC_WARN_UNINITIALIZED_AUTOS = YES_AGGRESSIVE;
				GCC_WARN_UNUSED_FUNCTION = YES;
				GCC_WARN_UNUSED_VARIABLE = YES;
				IPHONEOS_DEPLOYMENT_TARGET = 8.1;
				MTL_ENABLE_DEBUG_INFO = YES;
				ONLY_ACTIVE_ARCH = YES;
				SDKROOT = iphoneos;
				SWIFT_OPTIMIZATION_LEVEL = "-Onone";
			};
			name = Debug;
		};
		3FDD869F1A470B1E00A19AE9 /* Release */ = {
			isa = XCBuildConfiguration;
			buildSettings = {
				ALWAYS_SEARCH_USER_PATHS = NO;
				CLANG_CXX_LANGUAGE_STANDARD = "gnu++0x";
				CLANG_CXX_LIBRARY = "libc++";
				CLANG_ENABLE_MODULES = YES;
				CLANG_ENABLE_OBJC_ARC = YES;
				CLANG_WARN_BOOL_CONVERSION = YES;
				CLANG_WARN_CONSTANT_CONVERSION = YES;
				CLANG_WARN_DIRECT_OBJC_ISA_USAGE = YES_ERROR;
				CLANG_WARN_EMPTY_BODY = YES;
				CLANG_WARN_ENUM_CONVERSION = YES;
				CLANG_WARN_INT_CONVERSION = YES;
				CLANG_WARN_OBJC_ROOT_CLASS = YES_ERROR;
				CLANG_WARN_UNREACHABLE_CODE = YES;
				CLANG_WARN__DUPLICATE_METHOD_MATCH = YES;
				"CODE_SIGN_IDENTITY[sdk=iphoneos*]" = "iPhone Developer";
				COPY_PHASE_STRIP = YES;
				ENABLE_NS_ASSERTIONS = NO;
				ENABLE_STRICT_OBJC_MSGSEND = YES;
				GCC_C_LANGUAGE_STANDARD = gnu99;
				GCC_WARN_64_TO_32_BIT_CONVERSION = YES;
				GCC_WARN_ABOUT_RETURN_TYPE = YES_ERROR;
				GCC_WARN_UNDECLARED_SELECTOR = YES;
				GCC_WARN_UNINITIALIZED_AUTOS = YES_AGGRESSIVE;
				GCC_WARN_UNUSED_FUNCTION = YES;
				GCC_WARN_UNUSED_VARIABLE = YES;
				IPHONEOS_DEPLOYMENT_TARGET = 8.1;
				MTL_ENABLE_DEBUG_INFO = NO;
				SDKROOT = iphoneos;
				VALIDATE_PRODUCT = YES;
			};
			name = Release;
		};
		3FDD86A11A470B1E00A19AE9 /* Debug */ = {
			isa = XCBuildConfiguration;
			buildSettings = {
				ASSETCATALOG_COMPILER_APPICON_NAME = AppIcon;
				INFOPLIST_FILE = OCTranspoV5/Info.plist;
				LD_RUNPATH_SEARCH_PATHS = "$(inherited) @executable_path/Frameworks";
				PRODUCT_NAME = "$(TARGET_NAME)";
			};
			name = Debug;
		};
		3FDD86A21A470B1E00A19AE9 /* Release */ = {
			isa = XCBuildConfiguration;
			buildSettings = {
				ASSETCATALOG_COMPILER_APPICON_NAME = AppIcon;
				INFOPLIST_FILE = OCTranspoV5/Info.plist;
				LD_RUNPATH_SEARCH_PATHS = "$(inherited) @executable_path/Frameworks";
				PRODUCT_NAME = "$(TARGET_NAME)";
			};
			name = Release;
		};
		3FDD86A41A470B1E00A19AE9 /* Debug */ = {
			isa = XCBuildConfiguration;
			buildSettings = {
				BUNDLE_LOADER = "$(TEST_HOST)";
				FRAMEWORK_SEARCH_PATHS = (
					"$(SDKROOT)/Developer/Library/Frameworks",
					"$(inherited)",
				);
				GCC_PREPROCESSOR_DEFINITIONS = (
					"DEBUG=1",
					"$(inherited)",
				);
				INFOPLIST_FILE = OCTranspoV5Tests/Info.plist;
				LD_RUNPATH_SEARCH_PATHS = "$(inherited) @executable_path/Frameworks @loader_path/Frameworks";
				PRODUCT_NAME = "$(TARGET_NAME)";
				TEST_HOST = "$(BUILT_PRODUCTS_DIR)/OCTranspoV5.app/OCTranspoV5";
			};
			name = Debug;
		};
		3FDD86A51A470B1E00A19AE9 /* Release */ = {
			isa = XCBuildConfiguration;
			buildSettings = {
				BUNDLE_LOADER = "$(TEST_HOST)";
				FRAMEWORK_SEARCH_PATHS = (
					"$(SDKROOT)/Developer/Library/Frameworks",
					"$(inherited)",
				);
				INFOPLIST_FILE = OCTranspoV5Tests/Info.plist;
				LD_RUNPATH_SEARCH_PATHS = "$(inherited) @executable_path/Frameworks @loader_path/Frameworks";
				PRODUCT_NAME = "$(TARGET_NAME)";
				TEST_HOST = "$(BUILT_PRODUCTS_DIR)/OCTranspoV5.app/OCTranspoV5";
			};
			name = Release;
		};
/* End XCBuildConfiguration section */

/* Begin XCConfigurationList section */
		3FDD86791A470B1E00A19AE9 /* Build configuration list for PBXProject "OCTranspoV5" */ = {
			isa = XCConfigurationList;
			buildConfigurations = (
				3FDD869E1A470B1E00A19AE9 /* Debug */,
				3FDD869F1A470B1E00A19AE9 /* Release */,
			);
			defaultConfigurationIsVisible = 0;
			defaultConfigurationName = Release;
		};
		3FDD86A01A470B1E00A19AE9 /* Build configuration list for PBXNativeTarget "OCTranspoV5" */ = {
			isa = XCConfigurationList;
			buildConfigurations = (
				3FDD86A11A470B1E00A19AE9 /* Debug */,
				3FDD86A21A470B1E00A19AE9 /* Release */,
			);
			defaultConfigurationIsVisible = 0;
			defaultConfigurationName = Release;
		};
		3FDD86A31A470B1E00A19AE9 /* Build configuration list for PBXNativeTarget "OCTranspoV5Tests" */ = {
			isa = XCConfigurationList;
			buildConfigurations = (
				3FDD86A41A470B1E00A19AE9 /* Debug */,
				3FDD86A51A470B1E00A19AE9 /* Release */,
			);
			defaultConfigurationIsVisible = 0;
			defaultConfigurationName = Release;
		};
/* End XCConfigurationList section */

/* Begin XCVersionGroup section */
		3FDD86851A470B1E00A19AE9 /* OCTranspoV5.xcdatamodeld */ = {
			isa = XCVersionGroup;
			children = (
				3FDD86861A470B1E00A19AE9 /* OCTranspoV5.xcdatamodel */,
			);
			currentVersion = 3FDD86861A470B1E00A19AE9 /* OCTranspoV5.xcdatamodel */;
			path = OCTranspoV5.xcdatamodeld;
			sourceTree = "<group>";
			versionGroupType = wrapper.xcdatamodel;
		};
/* End XCVersionGroup section */
	};
	rootObject = 3FDD86761A470B1E00A19AE9 /* Project object */;
}
